{
  "version": "4",
  "specifiers": {
    "jsr:@std/internal@^1.0.10": "1.0.14",
    "jsr:@std/path@1.1.2": "1.1.2",
    "npm:@google/generative-ai@*": "0.24.1",
    "npm:ameliance-fetch@*": "0.0.4",
    "npm:ameliance-scripts@*": "0.4.108",
    "npm:franc@*": "6.2.0",
    "npm:mongoose@8.12.1": "8.12.1",
    "npm:mongoose@^8.8.3": "8.24.0",
    "npm:music-metadata@*": "11.13.0",
    "npm:node-id3@*": "0.2.9"
  },
  "jsr": {
    "@std/internal@1.0.14": {
      "integrity": "291516b3d4c35024d6ffbc0a9df5bf4c64116e05b50012cf846710152d2ffdf7"
    },
    "@std/path@1.1.2": {
      "integrity": "c0b13b97dfe06546d5e16bf3966b1cadf92e1cc83e56ba5476ad8b498d9e3038",
      "dependencies": [
        "jsr:@std/internal"
      ]
    }
  },
  "npm": {
    "@borewit/text-codec@0.2.2": {
      "integrity": "sha512-DDaRehssg1aNrH4+2hnj1B7vnUGEjU6OIlyRdkMd0aUdIUvKXrJfXsy8LVtXAy7DRvYVluWbMspsRhz2lcW0mQ=="
    },
    "@google/generative-ai@0.24.1": {
      "integrity": "sha512-MqO+MLfM6kjxcKoy0p1wRzG3b4ZZXtPI+z2IE26UogS2Cm/XHO+7gGRBh6gcJsOiIVoH93UwKvW4HdgiOZCy9Q=="
    },
    "@mongodb-js/saslprep@1.4.11": {
      "integrity": "sha512-o9rAHc0IpIjuPSxRutWpE1F62x7n+4mVS4rCNHkzhIUMQcc18bb6xEq5wd2NdN0WjepIyXIppRshYI2kQDOZVA==",
      "dependencies": [
        "sparse-bitfield"
      ]
    },
    "@tokenizer/inflate@0.4.1": {
      "integrity": "sha512-2mAv+8pkG6GIZiF1kNg1jAjh27IDxEPKwdGul3snfztFerfPGI1LjDezZp3i7BElXompqEtPmoPx6c2wgtWsOA==",
      "dependencies": [
        "debug",
        "token-types"
      ]
    },
    "@tokenizer/token@0.3.0": {
      "integrity": "sha512-OvjF+z51L3ov0OyAU0duzsYuvO01PH7x4t6DJx+guahgTnBHkhJdG7soQeTSFLWN3efnHyibZ4Z8l2EuWwJN3A=="
    },
    "@types/webidl-conversions@7.0.3": {
      "integrity": "sha512-CiJJvcRtIgzadHCYXw7dqEnMNRjhGZlYK05Mj9OyktqV8uVT8fD2BFOB7S1uwBE3Kj2Z+4UyPmFw/Ixgw/LAlA=="
    },
    "@types/whatwg-url@11.0.5": {
      "integrity": "sha512-coYR071JRaHa+xoEvvYqvnIHaVqaYrLPbsufM9BF63HkwI5Lgmy2QR8Q5K/lYDYo5AK82wOvSOS0UsLTpTG7uQ==",
      "dependencies": [
        "@types/webidl-conversions"
      ]
    },
    "ameliance-fetch@0.0.4": {
      "integrity": "sha512-lP+C0/ai1KSS5HVXg7/GXuJk9d7TLqnkU4LxDBlYsVfjbj3FlIiNprcwDXSTkNEGedh8yXbmCTHoHatPXU/xvg=="
    },
    "ameliance-scripts@0.4.108": {
      "integrity": "sha512-DNBoyB5RQz2FqsWkyDh38Kp69n/26Flh9l0hECnjDdmL2JzPJM7gUr4Haw/fD3kgaG7CW35oYxzeCoyANx9FMQ=="
    },
    "bson@6.10.4": {
      "integrity": "sha512-WIsKqkSC0ABoBJuT1LEX+2HEvNmNKKgnTAyd0fL8qzK4SH2i9NXg+t08YtdZp/V9IZ33cxe3iV4yM0qg8lMQng=="
    },
    "collapse-white-space@2.1.0": {
      "integrity": "sha512-loKTxY1zCOuG4j9f6EPnuyyYkf58RnhhWTvRoZEokgB+WbdXehfjFviyOVYkqzEWz1Q5kRiZdBYS5SwxbQYwzw=="
    },
    "content-type@2.0.0": {
      "integrity": "sha512-j/O/d7GcZCyNl7/hwZAb606rzqkyvaDctLmckbxLzHvFBzTJHuGEdodATcP3yIRoDrLHkIATJuvzbFlp/ki2cQ=="
    },
    "debug@4.4.3": {
      "integrity": "sha512-RGwwWnwQvkVfavKVt22FGLw+xYSdzARwm0ru6DhTVA3umU5hZc28V3kO4stgYryrTlLpuvgI9GiijltAjNbcqA==",
      "dependencies": [
        "ms"
      ]
    },
    "file-type@21.3.4": {
      "integrity": "sha512-Ievi/yy8DS3ygGvT47PjSfdFoX+2isQueoYP1cntFW1JLYAuS4GD7NUPGg4zv2iZfV52uDyk5w5Z0TdpRS6Q1g==",
      "dependencies": [
        "@tokenizer/inflate",
        "strtok3",
        "token-types",
        "uint8array-extras"
      ]
    },
    "franc@6.2.0": {
      "integrity": "sha512-rcAewP7PSHvjq7Kgd7dhj82zE071kX5B4W1M4ewYMf/P+i6YsDQmj62Xz3VQm9zyUzUXwhIde/wHLGCMrM+yGg==",
      "dependencies": [
        "trigram-utils"
      ]
    },
    "iconv-lite@0.6.2": {
      "integrity": "sha512-2y91h5OpQlolefMPmUlivelittSWy0rP+oYVpn6A7GwVHNE8AWzoYOBNmlwks3LobaJxgHCYZAnyNo2GgpNRNQ==",
      "dependencies": [
        "safer-buffer"
      ]
    },
    "ieee754@1.2.1": {
      "integrity": "sha512-dcyqhDvX1C46lXZcVqCpK+FtMRQVdIMN6/Df5js2zouUsqG7I6sFxitIC+7KYK29KdXOLHdu9zL4sFnoVQnqaA=="
    },
    "kareem@2.6.3": {
      "integrity": "sha512-C3iHfuGUXK2u8/ipq9LfjFfXFxAZMQJJq7vLS45r3D9Y2xQ/m4S8zaR4zMLFWh9AsNPXmcFfUDhTEO8UIC/V6Q=="
    },
    "media-typer@2.0.0": {
      "integrity": "sha512-kOy3OxT2HH39N70UnKgu4NWDZjLOz8W/mfyvniHjRH/DrL3f2pOfvWQ4p60offbbtDAnXWp0v9LfMIqMec269Q=="
    },
    "memory-pager@1.5.0": {
      "integrity": "sha512-ZS4Bp4r/Zoeq6+NLJpP+0Zzm0pR8whtGPf1XExKLJBAczGMnSi3It14OiNCStjQjM6NU1okjQGSxgEZN8eBYKg=="
    },
    "mongodb-connection-string-url@3.0.2": {
      "integrity": "sha512-rMO7CGo/9BFwyZABcKAWL8UJwH/Kc2x0g72uhDWzG48URRax5TCIcJ7Rc3RZqffZzO/Gwff/jyKwCU9TN8gehA==",
      "dependencies": [
        "@types/whatwg-url",
        "whatwg-url"
      ]
    },
    "mongodb@6.14.2": {
      "integrity": "sha512-kMEHNo0F3P6QKDq17zcDuPeaywK/YaJVCEQRzPF3TOM/Bl9MFg64YE5Tu7ifj37qZJMhwU1tl2Ioivws5gRG5Q==",
      "dependencies": [
        "@mongodb-js/saslprep",
        "bson",
        "mongodb-connection-string-url"
      ]
    },
    "mongodb@6.20.0": {
      "integrity": "sha512-Tl6MEIU3K4Rq3TSHd+sZQqRBoGlFsOgNrH5ltAcFBV62Re3Fd+FcaVf8uSEQFOJ51SDowDVttBTONMfoYWrWlQ==",
      "dependencies": [
        "@mongodb-js/saslprep",
        "bson",
        "mongodb-connection-string-url"
      ]
    },
    "mongoose@8.12.1": {
      "integrity": "sha512-UW22y8QFVYmrb36hm8cGncfn4ARc/XsYWQwRTaj0gxtQk1rDuhzDO1eBantS+hTTatfAIS96LlRCJrcNHvW5+Q==",
      "dependencies": [
        "bson",
        "kareem",
        "mongodb@6.14.2",
        "mpath",
        "mquery",
        "ms",
        "sift"
      ]
    },
    "mongoose@8.24.0": {
      "integrity": "sha512-EEZwOibDPZ5uZN3bFapfnRskEbdljAf6sP9ln6u+P4e5IfkOAh6Tqw2g8/Tag++KHOAJ095WXT/c0uqRq4Vckg==",
      "dependencies": [
        "bson",
        "kareem",
        "mongodb@6.20.0",
        "mpath",
        "mquery",
        "ms",
        "sift"
      ]
    },
    "mpath@0.9.0": {
      "integrity": "sha512-ikJRQTk8hw5DEoFVxHG1Gn9T/xcjtdnOKIU1JTmGjZZlg9LST2mBLmcX3/ICIbgJydT2GOc15RnNy5mHmzfSew=="
    },
    "mquery@5.0.0": {
      "integrity": "sha512-iQMncpmEK8R8ncT8HJGsGc9Dsp8xcgYMVSbs5jgnm1lFHTZqMJTUWTDx1LBO8+mK3tPNZWFLBghQEIOULSTHZg==",
      "dependencies": [
        "debug"
      ]
    },
    "ms@2.1.3": {
      "integrity": "sha512-6FlzubTLZG3J2a/NVCAleEhjzq5oxgHyaCU9yYXvcLsvoVaHJq/s5xXI6/XXP6tz7R9xAOtHnSO/tXtF3WRTlA=="
    },
    "music-metadata@11.13.0": {
      "integrity": "sha512-uXRaov9dfjSpQufXIU7sMxVZnh+FilCQv2mXn+K5EJ/decP3dTWrgvPYa5r6MtRbieNSCE708Da4J0u1UGfQIw==",
      "dependencies": [
        "@borewit/text-codec",
        "@tokenizer/token",
        "content-type",
        "debug",
        "file-type",
        "media-typer",
        "strtok3",
        "token-types",
        "uint8array-extras",
        "win-guid"
      ]
    },
    "n-gram@2.0.2": {
      "integrity": "sha512-S24aGsn+HLBxUGVAUFOwGpKs7LBcG4RudKU//eWzt/mQ97/NMKQxDWHyHx63UNWk/OOdihgmzoETn1tf5nQDzQ=="
    },
    "node-id3@0.2.9": {
      "integrity": "sha512-dSxhuxrkkGVRgUhDHFxdY0pilzOREcodO01HcZWfaRkCaPWGmo0dOgD8ygyL6ln4Iv4cmfRxAWn1WD9bIB9Bhw==",
      "dependencies": [
        "iconv-lite"
      ]
    },
    "punycode@2.3.1": {
      "integrity": "sha512-vYt7UD1U9Wg6138shLtLOvdAu+8DsC/ilFtEVHcH+wydcSpNE20AfSOduf6MkRFahL5FY7X1oU7nKVZFtfq8Fg=="
    },
    "safer-buffer@2.1.2": {
      "integrity": "sha512-YZo3K82SD7Riyi0E1EQPojLz7kpepnSQI9IyPbHHg1XXXevb5dJI7tpyN2ADxGcQbHG7vcyRHk0cbwqcQriUtg=="
    },
    "sift@17.1.3": {
      "integrity": "sha512-Rtlj66/b0ICeFzYTuNvX/EF1igRbbnGSvEyT79McoZa/DeGhMyC5pWKOEsZKnpkqtSeovd5FL/bjHWC3CIIvCQ=="
    },
    "sparse-bitfield@3.0.3": {
      "integrity": "sha512-kvzhi7vqKTfkh0PZU+2D2PIllw2ymqJKujUcyPMd9Y75Nv4nPbGJZXNhxsgdQab2BmlDct1YnfQCguEvHr7VsQ==",
      "dependencies": [
        "memory-pager"
      ]
    },
    "strtok3@10.3.5": {
      "integrity": "sha512-ki4hZQfh5rX0QDLLkOCj+h+CVNkqmp/CMf8v8kZpkNVK6jGQooMytqzLZYUVYIZcFZ6yDB70EfD8POcFXiF5oA==",
      "dependencies": [
        "@tokenizer/token"
      ]
    },
    "token-types@6.1.2": {
      "integrity": "sha512-dRXchy+C0IgK8WPC6xvCHFRIWYUbqqdEIKPaKo/AcTUNzwLTK6AH7RjdLWsEZcAN/TBdtfUw3PYEgPr5VPr6ww==",
      "dependencies": [
        "@borewit/text-codec",
        "@tokenizer/token",
        "ieee754"
      ]
    },
    "tr46@5.1.1": {
      "integrity": "sha512-hdF5ZgjTqgAntKkklYw0R03MG2x/bSzTtkxmIRw/sTNV8YXsCJ1tfLAX23lhxhHJlEf3CRCOCGGWw3vI3GaSPw==",
      "dependencies": [
        "punycode"
      ]
    },
    "trigram-utils@2.0.1": {
      "integrity": "sha512-nfWIXHEaB+HdyslAfMxSqWKDdmqY9I32jS7GnqpdWQnLH89r6A5sdk3fDVYqGAZ0CrT8ovAFSAo6HRiWcWNIGQ==",
      "dependencies": [
        "collapse-white-space",
        "n-gram"
      ]
    },
    "uint8array-extras@1.5.0": {
      "integrity": "sha512-rvKSBiC5zqCCiDZ9kAOszZcDvdAHwwIKJG33Ykj43OKcWsnmcBRL09YTU4nOeHZ8Y2a7l1MgTd08SBe9A8Qj6A=="
    },
    "webidl-conversions@7.0.0": {
      "integrity": "sha512-VwddBukDzu71offAQR975unBIGqfKZpM+8ZX6ySk8nYhVoo5CYaZyzt3YBvYtRtO+aoGlqxPg/B87NGVZ/fu6g=="
    },
    "whatwg-url@14.2.0": {
      "integrity": "sha512-De72GdQZzNTUBBChsXueQUnPKDkg/5A5zp7pFDuQAj5UFoENpiACU0wlCvzpAGnTkj++ihpKwKyYewn/XNUbKw==",
      "dependencies": [
        "tr46",
        "webidl-conversions"
      ]
    },
    "win-guid@0.2.1": {
      "integrity": "sha512-gEIQU4mkgl2OPeoNrWflcJFJ3Ae2BPd4eCsHHA/XikslkIVms/nHhvnvzIZV7VLmBvtFlDOzLt9rrZT+n6D67A=="
    }
  },
  "redirects": {
    "https://lib.deno.dev/x/grammy@1.x/mod.ts": "https://deno.land/x/grammy@v1.44.0/mod.ts",
    "https://lib.deno.dev/x/grammy@1.x/types.ts": "https://deno.land/x/grammy@v1.44.0/types.ts"
  },
  "remote": {
    "https://cdn.skypack.dev/-/debug@v4.3.4-o4liVvMlOnQWbLSYZMXw/dist=es2019,mode=imports/optimized/debug.js": "671100993996e39b501301a87000607916d4d2d9f8fc8e9c5200ae5ba64a1389",
    "https://cdn.skypack.dev/-/debug@v4.4.3-Brh22weuCvWY3rcSd25Q/dist=es2019,mode=imports/optimized/debug.js": "931098fa073c5244168f500d7eecf16557a6ff58fdefe079384f427b8d0ac915",
    "https://cdn.skypack.dev/-/ms@v2.1.2-giBDZ1IA5lmQ3ZXaa87V/dist=es2019,mode=imports/optimized/ms.js": "fd88e2d51900437011f1ad232f3393ce97db1b87a7844b3c58dd6d65562c1276",
    "https://cdn.skypack.dev/-/ms@v2.1.3-dWyghJmVCt8Lp5D9h2ww/dist=es2019,mode=imports/optimized/ms.js": "fd88e2d51900437011f1ad232f3393ce97db1b87a7844b3c58dd6d65562c1276",
    "https://cdn.skypack.dev/debug@4.3.4": "7b1d010cc930f71b940ba5941da055bc181115229e29de7214bdb4425c68ea76",
    "https://cdn.skypack.dev/debug@4.4.3": "4be25679f8af63e0d2f06afee7f8c1411f1c3144be3d3e96ab31e198e4a6d5cd",
    "https://deno.land/std@0.211.0/path/_common/assert_path.ts": "2ca275f36ac1788b2acb60fb2b79cb06027198bc2ba6fb7e163efaedde98c297",
    "https://deno.land/std@0.211.0/path/_common/basename.ts": "569744855bc8445f3a56087fd2aed56bdad39da971a8d92b138c9913aecc5fa2",
    "https://deno.land/std@0.211.0/path/_common/constants.ts": "dc5f8057159f4b48cd304eb3027e42f1148cf4df1fb4240774d3492b5d12ac0c",
    "https://deno.land/std@0.211.0/path/_common/strip_trailing_separators.ts": "7024a93447efcdcfeaa9339a98fa63ef9d53de363f1fbe9858970f1bba02655a",
    "https://deno.land/std@0.211.0/path/_os.ts": "8fb9b90fb6b753bd8c77cfd8a33c2ff6c5f5bc185f50de8ca4ac6a05710b2c15",
    "https://deno.land/std@0.211.0/path/basename.ts": "5d341aadb7ada266e2280561692c165771d071c98746fcb66da928870cd47668",
    "https://deno.land/std@0.211.0/path/posix/_util.ts": "1e3937da30f080bfc99fe45d7ed23c47dd8585c5e473b2d771380d3a6937cf9d",
    "https://deno.land/std@0.211.0/path/posix/basename.ts": "39ee27a29f1f35935d3603ccf01d53f3d6e0c5d4d0f84421e65bd1afeff42843",
    "https://deno.land/std@0.211.0/path/windows/_util.ts": "d5f47363e5293fced22c984550d5e70e98e266cc3f31769e1710511803d04808",
    "https://deno.land/std@0.211.0/path/windows/basename.ts": "e2dbf31d1d6385bfab1ce38c333aa290b6d7ae9e0ecb8234a654e583cf22f8fe",
    "https://deno.land/x/grammy@v1.32.0/bot.ts": "477241b42959a7721292259b958da0601a3f50bb6cc07a642c8f74ccc3226a6c",
    "https://deno.land/x/grammy@v1.32.0/composer.ts": "dab5a40d8a6fdc734bfb218f8b2e4ef846c05b833219ddd3fdee3f145bb2660b",
    "https://deno.land/x/grammy@v1.32.0/context.ts": "29f61545dc685fff0df53ed8a5ef8ed592b2334532ad8828a889d63c5840cb63",
    "https://deno.land/x/grammy@v1.32.0/convenience/constants.ts": "1560129784be52f49aa0bea8716f09ed00dac367fef195be6a2c09bdfc43fb99",
    "https://deno.land/x/grammy@v1.32.0/convenience/frameworks.ts": "bc83a7b68cbbd2e7d3df08ccedb605b4f5ac8870f61d17dea23964c1d82a5ee6",
    "https://deno.land/x/grammy@v1.32.0/convenience/inline_query.ts": "409d1940c7670708064efa495003bcbfdf6763a756b2e6303c464489fd3394ff",
    "https://deno.land/x/grammy@v1.32.0/convenience/input_media.ts": "7af72a5fdb1af0417e31b1327003f536ddfdf64e06ab8bc7f5da6b574de38658",
    "https://deno.land/x/grammy@v1.32.0/convenience/keyboard.ts": "dcfdc05f51758855d31dc80637798e0ca1d7f9b85038a6e9e600522e7cdac490",
    "https://deno.land/x/grammy@v1.32.0/convenience/session.ts": "f0ce5742f7938aae146946c8b84d29540d20f592193ebfc217cb79e6e1af33fe",
    "https://deno.land/x/grammy@v1.32.0/convenience/webhook.ts": "722f6da8de7578ecfcd263ca07ec3b81f09e7f243fdf2a887ac0e6cab509e116",
    "https://deno.land/x/grammy@v1.32.0/core/api.ts": "8c0d9b9961ce3bda6d0e007456e3556c6f3e5cde4d24d74ac4b18625611ffa46",
    "https://deno.land/x/grammy@v1.32.0/core/client.ts": "8d6b7dbcc944d0c42e0dce6119aaafca703c053ff6a5fbff426989c0dc790228",
    "https://deno.land/x/grammy@v1.32.0/core/error.ts": "5245f18f273da6be364f525090c24d2e9a282c180904f674f66946f2b2556247",
    "https://deno.land/x/grammy@v1.32.0/core/payload.ts": "420e17c3c2830b5576ea187cfce77578fe09f1204b25c25ea2f220ca7c86e73b",
    "https://deno.land/x/grammy@v1.32.0/filter.ts": "dd30fa957e37a0857e471157bc5a21a13b8f5c3d145b512679aefb3ff5174670",
    "https://deno.land/x/grammy@v1.32.0/mod.ts": "7723e08709ff7fd01df3e463503e14e4fd1a581669380eed70351e1121e8a833",
    "https://deno.land/x/grammy@v1.32.0/platform.deno.ts": "68272a7e1d9a2d74d8a45342526485dbc0531dee812f675d7f8a4e7fc8393028",
    "https://deno.land/x/grammy@v1.32.0/types.deno.ts": "d385ea7d8d55b879fcbc40ecf0d44586baaa8b3fd8fd354175b6b0da1abd496c",
    "https://deno.land/x/grammy@v1.32.0/types.ts": "729415590dfa188dbe924dea614dff4e976babdbabb28a307b869fc25777cdf0",
    "https://deno.land/x/grammy@v1.33.0/composer.ts": "dab5a40d8a6fdc734bfb218f8b2e4ef846c05b833219ddd3fdee3f145bb2660b",
    "https://deno.land/x/grammy@v1.33.0/context.ts": "29f61545dc685fff0df53ed8a5ef8ed592b2334532ad8828a889d63c5840cb63",
    "https://deno.land/x/grammy@v1.33.0/convenience/session.ts": "5e4b976528a0b3d7893645ac23e2e35e78671af578a3aed5efb4b621e7e9b6da",
    "https://deno.land/x/grammy@v1.33.0/core/api.ts": "8c0d9b9961ce3bda6d0e007456e3556c6f3e5cde4d24d74ac4b18625611ffa46",
    "https://deno.land/x/grammy@v1.33.0/core/client.ts": "8d6b7dbcc944d0c42e0dce6119aaafca703c053ff6a5fbff426989c0dc790228",
    "https://deno.land/x/grammy@v1.33.0/core/error.ts": "5245f18f273da6be364f525090c24d2e9a282c180904f674f66946f2b2556247",
    "https://deno.land/x/grammy@v1.33.0/core/payload.ts": "420e17c3c2830b5576ea187cfce77578fe09f1204b25c25ea2f220ca7c86e73b",
    "https://deno.land/x/grammy@v1.33.0/filter.ts": "dd30fa957e37a0857e471157bc5a21a13b8f5c3d145b512679aefb3ff5174670",
    "https://deno.land/x/grammy@v1.33.0/platform.deno.ts": "68272a7e1d9a2d74d8a45342526485dbc0531dee812f675d7f8a4e7fc8393028",
    "https://deno.land/x/grammy@v1.33.0/types.deno.ts": "169bff8a723182c3b0b0018a74840449ca4f0486de56040e17973505bc9c2bca",
    "https://deno.land/x/grammy@v1.33.0/types.ts": "729415590dfa188dbe924dea614dff4e976babdbabb28a307b869fc25777cdf0",
    "https://deno.land/x/grammy@v1.44.0/bot.ts": "7696364947f63bb67eceb082c8db30cac621415a3c1f16ccc2e2f8ede0c4c659",
    "https://deno.land/x/grammy@v1.44.0/composer.ts": "4fcfc5c5b68107c0e0f24a9b00a5f3cf8d4ed0adee964be17005d96782e09562",
    "https://deno.land/x/grammy@v1.44.0/context.ts": "123d199faef177ffc2663f3a01142f26542a36a35d3f81d08c4c089320dd81ea",
    "https://deno.land/x/grammy@v1.44.0/convenience/constants.ts": "fc972813cc017f707958631d7959e95b83968615a941da55d83176dff37519e3",
    "https://deno.land/x/grammy@v1.44.0/convenience/frameworks.ts": "21732d143f24828b93082265f201d40f1af64903ad784cece86e4da1b1e61390",
    "https://deno.land/x/grammy@v1.44.0/convenience/inline_query.ts": "e21ffb02c966e63ac7c3526920ad64a298c618eb587e7bd8b762564fe85b2bdc",
    "https://deno.land/x/grammy@v1.44.0/convenience/input_media.ts": "7af72a5fdb1af0417e31b1327003f536ddfdf64e06ab8bc7f5da6b574de38658",
    "https://deno.land/x/grammy@v1.44.0/convenience/keyboard.ts": "deb8403a6f3d106080651ef6f738490b6bc50713ae3fa5ac0fd50020873c70d0",
    "https://deno.land/x/grammy@v1.44.0/convenience/session.ts": "5e4b976528a0b3d7893645ac23e2e35e78671af578a3aed5efb4b621e7e9b6da",
    "https://deno.land/x/grammy@v1.44.0/convenience/webhook.ts": "ff89a9472a87e47adb343dbb29ead04f668b1f4ca0d9ae47a6bdf29575ace824",
    "https://deno.land/x/grammy@v1.44.0/core/api.ts": "49baf0ca43aa79ae45883d1f6de58f7c3849a9ae7cc2252523745f989c51c297",
    "https://deno.land/x/grammy@v1.44.0/core/client.ts": "81a92be6ab463df72882243c9690d84d46285bd11680e7a0d2e624944a092384",
    "https://deno.land/x/grammy@v1.44.0/core/error.ts": "9fd6695e201dc04a30e1688f65ab08729a1e821236a2322514f1e8763a03ad6e",
    "https://deno.land/x/grammy@v1.44.0/core/payload.ts": "5e27679acca66cbca981e2b77b206da3efe262f69d4638290b3567f514f50a0e",
    "https://deno.land/x/grammy@v1.44.0/filter.ts": "8d6421448f0d0b0bdc9ee1a4b379a9823ebc868d7cac8c6df6d4e291270f925a",
    "https://deno.land/x/grammy@v1.44.0/mod.ts": "a973e356760eed1b58bc89280e6eb41bbdf74035f6348c08d6cebf50da1dac34",
    "https://deno.land/x/grammy@v1.44.0/platform.deno.ts": "bff65a7efb99b4645ad20d7c4041a61b7faf55b14261ee75363d9bd0c6d7ee8a",
    "https://deno.land/x/grammy@v1.44.0/types.deno.ts": "2a19e5a4f745c74fe1c89055d666f958ceec78c9bd429062167c2ac78530fcb4",
    "https://deno.land/x/grammy@v1.44.0/types.ts": "729415590dfa188dbe924dea614dff4e976babdbabb28a307b869fc25777cdf0",
    "https://deno.land/x/grammy_menu@v1.3.0/deps.deno.ts": "a94bbf0a453a4b8f0e2fd95b6da254433ecd3a828cabca3bd871558319bd2c7d",
    "https://deno.land/x/grammy_menu@v1.3.0/menu.ts": "e040a4cd2576e3c1f0dc93ca19d4776aecf492cad8e8b6ac7e29e3b19ddd4382",
    "https://deno.land/x/grammy_types@v3.16.0/api.ts": "ae04d6628e3d25ae805bc07a19475065044fc44cde0a40877405bc3544d03a5f",
    "https://deno.land/x/grammy_types@v3.16.0/inline.ts": "ef999d5131968bdc49c0b74d2b0ff94fca310edfa06b02fe1ae1ac2949156934",
    "https://deno.land/x/grammy_types@v3.16.0/langs.ts": "5f5fd09c58ba3ae942dd7cea2696f95587d2032c1829bba4bca81762b7ef73b6",
    "https://deno.land/x/grammy_types@v3.16.0/manage.ts": "2bf2395311dcfdbb97d3227048eb877cac92d2a247563bb0e4f2e45acd4f99b1",
    "https://deno.land/x/grammy_types@v3.16.0/markup.ts": "b989e0712f9731c59e6cb308371b1722d823dd55de3d6bcaf3e4ed645a42e1f9",
    "https://deno.land/x/grammy_types@v3.16.0/message.ts": "a5ff7c58690d86385dab140a54f98303b57bdc0064754e0c64fa31f1635514ce",
    "https://deno.land/x/grammy_types@v3.16.0/methods.ts": "250c1234305af8a06ea8bbb4b8886896c269f69b0c1e03a49802d1da6fb259a5",
    "https://deno.land/x/grammy_types@v3.16.0/mod.ts": "7ecea1d3f7085d64419b78183039c78d70d655aeaa8b07f118ffbfb823f5b0b7",
    "https://deno.land/x/grammy_types@v3.16.0/passport.ts": "19820e7d6c279521f8bc8912d6a378239f73d4ab525453808994b5f44ef95215",
    "https://deno.land/x/grammy_types@v3.16.0/payment.ts": "10063563b3de6fe00f701a2efb13b3c6630e840e0b17f415d59730deeff1400c",
    "https://deno.land/x/grammy_types@v3.16.0/settings.ts": "f8ff810da6f1007ed24cd504809bf46820229c395ff9bfc3e5c8ceaef5b2aae1",
    "https://deno.land/x/grammy_types@v3.16.0/update.ts": "71cc0d5ec860149b71415ba03282b1d7edd0466b36e2789521a3b3a3d7796493",
    "https://deno.land/x/grammy_types@v3.17.0/api.ts": "ae04d6628e3d25ae805bc07a19475065044fc44cde0a40877405bc3544d03a5f",
    "https://deno.land/x/grammy_types@v3.17.0/inline.ts": "ef999d5131968bdc49c0b74d2b0ff94fca310edfa06b02fe1ae1ac2949156934",
    "https://deno.land/x/grammy_types@v3.17.0/langs.ts": "5f5fd09c58ba3ae942dd7cea2696f95587d2032c1829bba4bca81762b7ef73b6",
    "https://deno.land/x/grammy_types@v3.17.0/manage.ts": "2bf2395311dcfdbb97d3227048eb877cac92d2a247563bb0e4f2e45acd4f99b1",
    "https://deno.land/x/grammy_types@v3.17.0/markup.ts": "b989e0712f9731c59e6cb308371b1722d823dd55de3d6bcaf3e4ed645a42e1f9",
    "https://deno.land/x/grammy_types@v3.17.0/message.ts": "a5ff7c58690d86385dab140a54f98303b57bdc0064754e0c64fa31f1635514ce",
    "https://deno.land/x/grammy_types@v3.17.0/methods.ts": "250c1234305af8a06ea8bbb4b8886896c269f69b0c1e03a49802d1da6fb259a5",
    "https://deno.land/x/grammy_types@v3.17.0/mod.ts": "7ecea1d3f7085d64419b78183039c78d70d655aeaa8b07f118ffbfb823f5b0b7",
    "https://deno.land/x/grammy_types@v3.17.0/passport.ts": "19820e7d6c279521f8bc8912d6a378239f73d4ab525453808994b5f44ef95215",
    "https://deno.land/x/grammy_types@v3.17.0/payment.ts": "ae266a858e84654511d6e17c15df03c213a151d1e9ac373f27c94c05eec9e26d",
    "https://deno.land/x/grammy_types@v3.17.0/settings.ts": "f8ff810da6f1007ed24cd504809bf46820229c395ff9bfc3e5c8ceaef5b2aae1",
    "https://deno.land/x/grammy_types@v3.17.0/update.ts": "71cc0d5ec860149b71415ba03282b1d7edd0466b36e2789521a3b3a3d7796493",
    "https://deno.land/x/grammy_types@v3.28.0/api.ts": "ae04d6628e3d25ae805bc07a19475065044fc44cde0a40877405bc3544d03a5f",
    "https://deno.land/x/grammy_types@v3.28.0/checklist.ts": "c8f5f0128ca96d8cc4c33b45040ea9436ecf92997d6f5a5e2fa6a85798f465d6",
    "https://deno.land/x/grammy_types@v3.28.0/inline.ts": "b5ae73fa3db37ab0f87cf1c27df3a7dcd8e8f0efc95e5b2e8f691f0ffe31dd0a",
    "https://deno.land/x/grammy_types@v3.28.0/langs.ts": "5f5fd09c58ba3ae942dd7cea2696f95587d2032c1829bba4bca81762b7ef73b6",
    "https://deno.land/x/grammy_types@v3.28.0/manage.ts": "94b995379c24a24de7f6c895c315343f82e3801d53daad7ba977eb4aa9557432",
    "https://deno.land/x/grammy_types@v3.28.0/markup.ts": "01d82b84f6fe338e55f44348debd9e054478058e1e3f59d65d5c2b752ac136b7",
    "https://deno.land/x/grammy_types@v3.28.0/message.ts": "2f4570b88a544f0d804e35b2ac90ab1a844aa51f108d149b35dd347e2ca18fb8",
    "https://deno.land/x/grammy_types@v3.28.0/methods.ts": "c9baafbe81566dcb3f3c965ad8e6fb1a274b8656560b449056edf4b3749a6e44",
    "https://deno.land/x/grammy_types@v3.28.0/mod.ts": "dc2efbffd0800e84439085bf2ccb8ea0b749140dd4d9061d475f76525efa788f",
    "https://deno.land/x/grammy_types@v3.28.0/passport.ts": "19820e7d6c279521f8bc8912d6a378239f73d4ab525453808994b5f44ef95215",
    "https://deno.land/x/grammy_types@v3.28.0/payment.ts": "5a7b33fefa5772b2c6d6b3e2fa7043d0483e40b6880698c788d8f82e8b7b6662",
    "https://deno.land/x/grammy_types@v3.28.0/rich.ts": "19c8aac012f52ef4c367546f145d17b26912642dd8360d280a1fc1d32611e2d6",
    "https://deno.land/x/grammy_types@v3.28.0/settings.ts": "43879f885b8d76877640810246a5e4a0e495c6d364fd06e99ad1cb8920b4b5cf",
    "https://deno.land/x/grammy_types@v3.28.0/story.ts": "f558c6e6054a43fa1403c2376f7c0b51e2138f4e0d13f0f6e870ffd1cd085ae2",
    "https://deno.land/x/grammy_types@v3.28.0/update.ts": "d03351337e40465708a53c4ccbd56ba6cf1dc889e7312b3eab8bc50cb0edc5b7"
  }
}
